<?xml version="1.0" encoding="utf-8"?>
<Project ToolsVersion="4.0" xmlns="http://schemas.microsoft.com/developer/msbuild/2003">
  <ItemGroup>
    <Filter Include="Pliki źródłowe">
      <UniqueIdentifier>{4FC737F1-C7A5-4376-A066-2A32D752A2FF}</UniqueIdentifier>
      <Extensions>cpp;c;cc;cxx;c++;cppm;ixx;def;odl;idl;hpj;bat;asm;asmx</Extensions>
    </Filter>
    <Filter Include="Pliki nagłówkowe">
      <UniqueIdentifier>{93995380-89BD-4b04-88EB-625FBE52EBFB}</UniqueIdentifier>
      <Extensions>h;hh;hpp;hxx;h++;hm;inl;inc;ipp;xsd</Extensions>
    </Filter>
    <Filter Include="Pliki zasobów">
      <UniqueIdentifier>{67DA6AB6-F800-4c08-8B7A-83BB121AAD01}</UniqueIdentifier>
      <Extensions>rc;ico;cur;bmp;dlg;rc2;rct;bin;rgs;gif;jpg;jpeg;jpe;resx;tiff;tif;png;wav;mfcribbon-ms</Extensions>
    </Filter>
    <Filter Include="Pliki źródłowe\App">
      <UniqueIdentifier>{dcdbf472-1b2e-4de8-a99c-cf379068a79d}</UniqueIdentifier>
    </Filter>
    <Filter Include="Pliki źródłowe\Clock">
      <UniqueIdentifier>{6b26a146-7408-4f09-845f-3b39feeb8903}</UniqueIdentifier>
    </Filter>
    <Filter Include="Pliki źródłowe\Shader">
      <UniqueIdentifier>{973927fe-dcfe-4e36-bb1f-79f392a28bcf}</UniqueIdentifier>
    </Filter>
    <Filter Include="Pliki źródłowe\Texture">
      <UniqueIdentifier>{5ad8665f-f620-49dd-97fb-be000de165a3}</UniqueIdentifier>
    </Filter>
    <Filter Include="Pliki źródłowe\Renderer">
      <UniqueIdentifier>{f14f542a-b9a8-494a-b5c5-5dbeea7b689f}</UniqueIdentifier>
    </Filter>
    <Filter Include="Pliki źródłowe\Camera">
      <UniqueIdentifier>{21ee6988-2621-4a0e-9924-fe319bf9cc1d}</UniqueIdentifier>
    </Filter>
    <Filter Include="Pliki źródłowe\Input">
      <UniqueIdentifier>{eb279ccf-41c7-4e24-bfb1-e5baac41a8f7}</UniqueIdentifier>
    </Filter>
    <Filter Include="Pliki źródłowe\OBJLoader">
      <UniqueIdentifier>{65c5e200-23c2-40af-8218-fbe0e57b6059}</UniqueIdentifier>
    </Filter>
    <Filter Include="Pliki źródłowe\World">
      <UniqueIdentifier>{1b1dd5b2-ffe0-42a4-ab1b-9aa3685c4ae2}</UniqueIdentifier>
    </Filter>
    <Filter Include="Pliki źródłowe\World\Chunk">
      <UniqueIdentifier>{14cb3c2d-da1e-4bdb-875e-c7d0d54747d4}</UniqueIdentifier>
    </Filter>
    <Filter Include="Pliki źródłowe\World\Block">
      <UniqueIdentifier>{c7bcfb47-d654-48cc-816a-b7846bac4202}</UniqueIdentifier>
    </Filter>
    <Filter Include="Pliki źródłowe\TerrainGenerator">
      <UniqueIdentifier>{6fa4a927-998b-4347-a5aa-a25ab310fff1}</UniqueIdentifier>
    </Filter>
    <Filter Include="Pliki źródłowe\Player">
      <UniqueIdentifier>{26100293-cda4-4528-b9c8-35e516668442}</UniqueIdentifier>
    </Filter>
    <Filter Include="Pliki źródłowe\World\Sky">
      <UniqueIdentifier>{555d3a46-35e3-4bc6-b2c2-3ac70857ef12}</UniqueIdentifier>
    </Filter>
    <Filter Include="Pliki źródłowe\UI">
      <UniqueIdentifier>{a1f5c093-a487-4afc-89b1-f681d75c9f5a}</UniqueIdentifier>
    </Filter>
    <Filter Include="Pliki źródłowe\UI\Inventory">
      <UniqueIdentifier>{3b4b9147-d108-41d5-a198-425236a37eb3}</UniqueIdentifier>
    </Filter>
  </ItemGroup>
  <ItemGroup>
    <ClCompile Include="App\App.cpp">
      <Filter>Pliki źródłowe\App</Filter>
    </ClCompile>
    <ClCompile Include="Clock\Clock.cpp">
      <Filter>Pliki źródłowe\Clock</Filter>
    </ClCompile>
    <ClCompile Include="Renderer\Renderer.cpp">
      <Filter>Pliki źródłowe\Renderer</Filter>
    </ClCompile>
    <ClCompile Include="Texture\Texture.cpp">
      <Filter>Pliki źródłowe\Texture</Filter>
    </ClCompile>
    <ClCompile Include="Shader\Shader.cpp">
      <Filter>Pliki źródłowe\Shader</Filter>
    </ClCompile>
    <ClCompile Include="main.cpp">
      <Filter>Pliki źródłowe</Filter>
    </ClCompile>
    <ClCompile Include="Camera.cpp">
      <Filter>Pliki źródłowe\Camera</Filter>
    </ClCompile>
    <ClCompile Include="KeyInput.cpp">
      <Filter>Pliki źródłowe\Input</Filter>
    </ClCompile>
    <ClCompile Include="World.cpp">
      <Filter>Pliki źródłowe\World</Filter>
    </ClCompile>
    <ClCompile Include="Chunk.cpp">
      <Filter>Pliki źródłowe\World\Chunk</Filter>
    </ClCompile>
    <ClCompile Include="ChunkManager.cpp">
      <Filter>Pliki źródłowe\World\Chunk</Filter>
    </ClCompile>
    <ClCompile Include="BlockDatabase.cpp">
      <Filter>Pliki źródłowe\World\Block</Filter>
    </ClCompile>
    <ClCompile Include="ChunkMeshGenerator.cpp">
      <Filter>Pliki źródłowe\World\Chunk</Filter>
    </ClCompile>
    <ClCompile Include="TerrainGenerator.cpp">
      <Filter>Pliki źródłowe\TerrainGenerator</Filter>
    </ClCompile>
    <ClCompile Include="Player.cpp">
      <Filter>Pliki źródłowe\Player</Filter>
    </ClCompile>
    <ClCompile Include="Sky.cpp">
      <Filter>Pliki źródłowe\World\Sky</Filter>
    </ClCompile>
    <ClCompile Include="ChunkRenderer.cpp">
      <Filter>Pliki źródłowe\Renderer</Filter>
    </ClCompile>
    <ClCompile Include="UI.cpp">
      <Filter>Pliki źródłowe\UI</Filter>
    </ClCompile>
    <ClCompile Include="UIRenderer.cpp">
      <Filter>Pliki źródłowe\Renderer</Filter>
    </ClCompile>
    <ClCompile Include="SkyRenderer.cpp">
      <Filter>Pliki źródłowe\Renderer</Filter>
    </ClCompile>
    <ClCompile Include="RenderMaster.cpp">
      <Filter>Pliki źródłowe\Renderer</Filter>
    </ClCompile>
    <ClCompile Include="Inventory.cpp">
      <Filter>Pliki źródłowe\UI\Inventory</Filter>
    </ClCompile>
  </ItemGroup>
  <ItemGroup>
    <ClInclude Include="App\App.h">
      <Filter>Pliki źródłowe\App</Filter>
    </ClInclude>
    <ClInclude Include="Clock\Clock.h">
      <Filter>Pliki źródłowe\Clock</Filter>
    </ClInclude>
    <ClInclude Include="Renderer\Renderer.h">
      <Filter>Pliki źródłowe\Renderer</Filter>
    </ClInclude>
    <ClInclude Include="Texture\Texture.h">
      <Filter>Pliki źródłowe\Texture</Filter>
    </ClInclude>
    <ClInclude Include="Shader\Shader.h">
      <Filter>Pliki źródłowe\Shader</Filter>
    </ClInclude>
    <ClInclude Include="Camera.h">
      <Filter>Pliki źródłowe\Camera</Filter>
    </ClInclude>
    <ClInclude Include="KeyInput.h">
      <Filter>Pliki źródłowe\Input</Filter>
    </ClInclude>
    <ClInclude Include="OBJLoader.h">
      <Filter>Pliki źródłowe\OBJLoader</Filter>
    </ClInclude>
    <ClInclude Include="World.h">
      <Filter>Pliki źródłowe\World</Filter>
    </ClInclude>
    <ClInclude Include="RenderInfo.h">
      <Filter>Pliki źródłowe\Renderer</Filter>
    </ClInclude>
    <ClInclude Include="Chunk.h">
      <Filter>Pliki źródłowe\World\Chunk</Filter>
    </ClInclude>
    <ClInclude Include="ChunkManager.h">
      <Filter>Pliki źródłowe\World\Chunk</Filter>
    </ClInclude>
    <ClInclude Include="BlockDatabase.h">
      <Filter>Pliki źródłowe\World\Block</Filter>
    </ClInclude>
    <ClInclude Include="BlockType.h">
      <Filter>Pliki źródłowe\World\Block</Filter>
    </ClInclude>
    <ClInclude Include="ChunkMeshGenerator.h">
      <Filter>Pliki źródłowe\World\Chunk</Filter>
    </ClInclude>
    <ClInclude Include="TerrainGenerator.h">
      <Filter>Pliki źródłowe\TerrainGenerator</Filter>
    </ClInclude>
    <ClInclude Include="Player.h">
      <Filter>Pliki źródłowe\Player</Filter>
    </ClInclude>
    <ClInclude Include="Sky.h">
      <Filter>Pliki źródłowe\World\Sky</Filter>
    </ClInclude>
    <ClInclude Include="ChunkRenderer.h">
      <Filter>Pliki źródłowe\Renderer</Filter>
    </ClInclude>
    <ClInclude Include="UI.h">
      <Filter>Pliki źródłowe\UI</Filter>
    </ClInclude>
    <ClInclude Include="UIRenderer.h">
      <Filter>Pliki źródłowe\Renderer</Filter>
    </ClInclude>
    <ClInclude Include="SkyRenderer.h">
      <Filter>Pliki źródłowe\Renderer</Filter>
    </ClInclude>
    <ClInclude Include="RenderMaster.h">
      <Filter>Pliki źródłowe\Renderer</Filter>
    </ClInclude>
    <ClInclude Include="Inventory.h">
      <Filter>Pliki źródłowe\UI\Inventory</Filter>
    </ClInclude>
  </ItemGroup>
  <ItemGroup>
    <None Include="Shader\SimpleFragment.fs">
      <Filter>Pliki źródłowe\Shader</Filter>
    </None>
    <None Include="Shader\SimpleVertex.vs">
      <Filter>Pliki źródłowe\Shader</Filter>
    </None>
    <None Include="chunkVertex.vs">
      <Filter>Pliki źródłowe\Shader</Filter>
    </None>
    <None Include="chunkFragment.fs">
      <Filter>Pliki źródłowe\Shader</Filter>
    </None>
    <None Include="skyVertex.vs">
      <Filter>Pliki źródłowe\Shader</Filter>
    </None>
    <None Include="skyFragment.fs">
      <Filter>Pliki źródłowe\Shader</Filter>
    </None>
    <None Include="UIVertex.vs">
      <Filter>Pliki źródłowe\Shader</Filter>
    </None>
    <None Include="UIFragment.fs">
      <Filter>Pliki źródłowe\Shader</Filter>
    </None>
    <None Include="CubePreviewFragment.fs">
      <Filter>Pliki źródłowe\Shader</Filter>
    </None>
    <None Include="CubePreviewVertex.vs">
      <Filter>Pliki źródłowe\Shader</Filter>
    </None>
  </ItemGroup>
</Project>